// !$*UTF8*$!
{
	archiveVersion = 1;
	classes = {
	};
	objectVersion = 77;
	objects = {

/* Begin PBXBuildFile section */
		03461EA426435C14A551F79C /* NotificationService.swift in Sources */ = {isa = PBXBuildFile; fileRef = FF8B58C87FA85A3817970872 /* NotificationService.swift */; };
		0445787FDA67C03E794BDBC1 /* assignments.js in Resources */ = {isa = PBXBuildFile; fileRef = 52AC2FF5F2A59F240F960270 /* assignments.js */; };
		073FCCD5C5F84D80639224E7 /* styles.css in Resources */ = {isa = PBXBuildFile; fileRef = DF1D82FE1A7523D7D391FF93 /* styles.css */; };
		0846A2059C4F4671072C9814 /* KulmsStorageHandler.swift in Sources */ = {isa = PBXBuildFile; fileRef = D12E172CD555EF8E0001D3D0 /* KulmsStorageHandler.swift */; };
		1269CAB19B6D69DA94946633 /* README.md in Resources */ = {isa = PBXBuildFile; fileRef = 7A7BEBAB4B97BA5860797961 /* README.md */; };
		1CBF27F31C7E5DB32C070966 /* push-to-checkout.sample in Resources */ = {isa = PBXBuildFile; fileRef = 426FA14FE5C6BDA477A6E0AE /* push-to-checkout.sample */; };
		27B7D86322CA8A64420FEA0D /* ContentScriptInjector.swift in Sources */ = {isa = PBXBuildFile; fileRef = DA5FB05AAB72164BF8680F63 /* ContentScriptInjector.swift */; };
		31B8AFD3AB3CBFF8B26CCF67 /* sendemail-validate.sample in Resources */ = {isa = PBXBuildFile; fileRef = B4C354D910CBBD936A5FD14A /* sendemail-validate.sample */; };
		35C8EEB10CFF5F96A0517D35 /* KULMSApp.swift in Sources */ = {isa = PBXBuildFile; fileRef = 65A5C342C8EA6C471D97B645 /* KULMSApp.swift */; };
		38ADC6EE42A07E0BCD5ED994 /* CredentialStore.swift in Sources */ = {isa = PBXBuildFile; fileRef = 0CB72C6F3F5AE39787F93F6C /* CredentialStore.swift */; };
		397204F1C63873AC0617F944 /* pre-applypatch.sample in Resources */ = {isa = PBXBuildFile; fileRef = B7C6CF74901255AF4FAA04F8 /* pre-applypatch.sample */; };
		3FBB0A3DAD7122668553CE5A /* kulms-shim.js in Resources */ = {isa = PBXBuildFile; fileRef = F9EDD1DC78D9F1187107EEE3 /* kulms-shim.js */; };
		4593AED073DF0CE380D838A5 /* _locales in Resources */ = {isa = PBXBuildFile; fileRef = 49FFB7037D07828D5AD021C7 /* _locales */; };
		4742E34332785C751BCA3ECF /* tool-visibility.js in Resources */ = {isa = PBXBuildFile; fileRef = 723BADBFFB62BACC4F002655 /* tool-visibility.js */; };
		4DA11D75E91C32910B1DD2CA /* CredentialLoginView.swift in Sources */ = {isa = PBXBuildFile; fileRef = DCD13512E39875E56EBCB8CA /* CredentialLoginView.swift */; };
		4EF9BF929D73A14CA6C11922 /* LoginView.swift in Sources */ = {isa = PBXBuildFile; fileRef = 3F85C594E822169E6154D52F /* LoginView.swift */; };
		4FB2B73F82103EA0D0E78FFE /* course-name.js in Resources */ = {isa = PBXBuildFile; fileRef = 30C7031054AD2007D3E4F844 /* course-name.js */; };
		4FDA827C677609FE19C9F5A6 /* post-update.sample in Resources */ = {isa = PBXBuildFile; fileRef = BECCE9714C413623422E3FE2 /* post-update.sample */; };
		56E6E5988166F7383B331F40 /* pre-commit.sample in Resources */ = {isa = PBXBuildFile; fileRef = C4288EED0388EF64FC37B894 /* pre-commit.sample */; };
		5D047D7F131D160F9C275B37 /* WebViewManager.swift in Sources */ = {isa = PBXBuildFile; fileRef = 853C5093B49C4037F845219C /* WebViewManager.swift */; };
		5DB9DED102FECAA28D9DD79E /* tree-view.js in Resources */ = {isa = PBXBuildFile; fileRef = CBDC9E81B34A8BB8EC02CE98 /* tree-view.js */; };
		6E11CD07552C82874F188802 /* Localizable.strings in Resources */ = {isa = PBXBuildFile; fileRef = F49857F400EB5A1CB8D9C9AE /* Localizable.strings */; };
		7056CD4169505DD80324D4F3 /* course-click.js in Resources */ = {isa = PBXBuildFile; fileRef = 2F3DA1014DF34C50ACD833D9 /* course-click.js */; };
		7D5BFB3D77A8B45E81144C61 /* top-favbar.js in Resources */ = {isa = PBXBuildFile; fileRef = 60927FF5D67CB2A5B4238F2C /* top-favbar.js */; };
		870E5C67EC792C00822C07A2 /* sidebar-resize.js in Resources */ = {isa = PBXBuildFile; fileRef = F4FF951092A531728CA92AD3 /* sidebar-resize.js */; };
		8B54D08F7E59FC99EAF222E1 /* pre-receive.sample in Resources */ = {isa = PBXBuildFile; fileRef = F2C5650FD03AA4DD38B7A22C /* pre-receive.sample */; };
		9E16C8771EEB3C9764C3FA9C /* submit-detect.js in Resources */ = {isa = PBXBuildFile; fileRef = D1EEC12E5EF0370BC4EA245D /* submit-detect.js */; };
		A975E8FD023ACFF7EF85A91F /* pre-push.sample in Resources */ = {isa = PBXBuildFile; fileRef = 4D0A75AFB2B048BF36DDB7F8 /* pre-push.sample */; };
		ABE3723EDD806B2B78566179 /* pre-rebase.sample in Resources */ = {isa = PBXBuildFile; fileRef = FA59DDF0E67834189F358BDB /* pre-rebase.sample */; };
		AC98F8A19FA85A12E13C6CD3 /* fsmonitor-watchman.sample in Resources */ = {isa = PBXBuildFile; fileRef = CBE0BADDD09F6FA26951B228 /* fsmonitor-watchman.sample */; };
		B50A18B5233FC09447F9D065 /* LMSWebView.swift in Sources */ = {isa = PBXBuildFile; fileRef = 284894146A3C5E5D7DCC4692 /* LMSWebView.swift */; };
		BEF8C5CB6219F14704822E57 /* update.sample in Resources */ = {isa = PBXBuildFile; fileRef = 0CE06B8DC98E404D1A5810F7 /* update.sample */; };
		C3357AD0827FE93F3D3B3B4F /* Assets.xcassets in Resources */ = {isa = PBXBuildFile; fileRef = BCFBF2FBD3CF5F0F6B8CB724 /* Assets.xcassets */; };
		C3B9450393A28033E84BC639 /* prepare-commit-msg.sample in Resources */ = {isa = PBXBuildFile; fileRef = 731094BD1C5C6EB09AD3B928 /* prepare-commit-msg.sample */; };
		CEE4DC3DB99DD210A23CEA2D /* commit-msg.sample in Resources */ = {isa = PBXBuildFile; fileRef = 1E23AC0406A15F5BEE1BB24A /* commit-msg.sample */; };
		DCA0A836640AAC5DE288C22F /* CHANGELOG.md in Resources */ = {isa = PBXBuildFile; fileRef = A684233975849016C1D723EA /* CHANGELOG.md */; };
		DFAFC4AC8358044C09DDA84A /* settings.js in Resources */ = {isa = PBXBuildFile; fileRef = 87AAE4ECEB2F5DF091AD3730 /* settings.js */; };
		E9E2044A3480F181AE100E20 /* pre-merge-commit.sample in Resources */ = {isa = PBXBuildFile; fileRef = 538BEDE316D4B8D85DA5DFDE /* pre-merge-commit.sample */; };
		ED4C959E6C1E0DDC10888302 /* textbooks.js in Resources */ = {isa = PBXBuildFile; fileRef = 0E5FCD9E45B8F0025B06BCA9 /* textbooks.js */; };
		EE56CC001994850F1839CC8B /* applypatch-msg.sample in Resources */ = {isa = PBXBuildFile; fileRef = 94228E85A59208C1309C2CB4 /* applypatch-msg.sample */; };
/* End PBXBuildFile section */

/* Begin PBXFileReference section */
		00A4EDECB7F4667559A42E2D /* HEAD */ = {isa = PBXFileReference; path = HEAD; sourceTree = "<group>"; };
		01F22F37C333F509B8A78CBA /* 3358f67d2dea2129d5603096069abb42200edb */ = {isa = PBXFileReference; path = 3358f67d2dea2129d5603096069abb42200edb; sourceTree = "<group>"; };
		0335CC3FC5986B7F964FCDE6 /* dc299c3d1bc5b332237cbacf343d0c959a4248 */ = {isa = PBXFileReference; path = dc299c3d1bc5b332237cbacf343d0c959a4248; sourceTree = "<group>"; };
		04D79A15DC99578DBE2FE0E3 /* 15ae36d13c6354629ce6f1e9a357b827de9dc6 */ = {isa = PBXFileReference; path = 15ae36d13c6354629ce6f1e9a357b827de9dc6; sourceTree = "<group>"; };
		06821223C839655175102CC0 /* 3b91fb0ac8fb9dc161bb4851ca3f7bbd0eaf8a */ = {isa = PBXFileReference; path = 3b91fb0ac8fb9dc161bb4851ca3f7bbd0eaf8a; sourceTree = "<group>"; };
		076E86DF436E98A7A98510FA /* 28b8d77672c8d7817c26fc8af47d2e2c70b70c */ = {isa = PBXFileReference; path = 28b8d77672c8d7817c26fc8af47d2e2c70b70c; sourceTree = "<group>"; };
		0CB72C6F3F5AE39787F93F6C /* CredentialStore.swift */ = {isa = PBXFileReference; lastKnownFileType = sourcecode.swift; path = CredentialStore.swift; sourceTree = "<group>"; };
		0CE06B8DC98E404D1A5810F7 /* update.sample */ = {isa = PBXFileReference; path = update.sample; sourceTree = "<group>"; };
		0E5FCD9E45B8F0025B06BCA9 /* textbooks.js */ = {isa = PBXFileReference; lastKnownFileType = sourcecode.javascript; path = textbooks.js; sourceTree = "<group>"; };
		0FEA4C83C0BDD10B92DC1DB7 /* c00596a7fca3f3d4bdd64053b69d86745f9e10 */ = {isa = PBXFileReference; path = c00596a7fca3f3d4bdd64053b69d86745f9e10; sourceTree = "<group>"; };
		15763E6387607B0E9F353A9F /* 4a2087e20399968cca01d6e3f31d3b9c33863e */ = {isa = PBXFileReference; path = 4a2087e20399968cca01d6e3f31d3b9c33863e; sourceTree = "<group>"; };
		17A7D09113684B21AA423B9D /* fcc878e08455cb63e46f6f8f78dbc6f45332d6 */ = {isa = PBXFileReference; path = fcc878e08455cb63e46f6f8f78dbc6f45332d6; sourceTree = "<group>"; };
		1E23AC0406A15F5BEE1BB24A /* commit-msg.sample */ = {isa = PBXFileReference; path = "commit-msg.sample"; sourceTree = "<group>"; };
		1E9528BA147C513E365FF495 /* c18992c075c10ccd8e87de4341b55239400b52 */ = {isa = PBXFileReference; path = c18992c075c10ccd8e87de4341b55239400b52; sourceTree = "<group>"; };
		1F29A5DFA218A78AEC211911 /* 907ecd62c8566d0ae60075fa2ec33c5a125996 */ = {isa = PBXFileReference; path = 907ecd62c8566d0ae60075fa2ec33c5a125996; sourceTree = "<group>"; };
		284894146A3C5E5D7DCC4692 /* LMSWebView.swift */ = {isa = PBXFileReference; lastKnownFileType = sourcecode.swift; path = LMSWebView.swift; sourceTree = "<group>"; };
		2A04A234D3E3674D2782CDFC /* en */ = {isa = PBXFileReference; lastKnownFileType = text.plist.strings; name = en; path = en.lproj/Localizable.strings; sourceTree = "<group>"; };
		2A861547A3A2997C4AC186D4 /* ef20599e948bd0714a4c908a28dfc8a8d95037 */ = {isa = PBXFileReference; path = ef20599e948bd0714a4c908a28dfc8a8d95037; sourceTree = "<group>"; };
		2D28D2419A8A37FFDC9A75CC /* a5926abc179e848a5c051f187d05dbd303bf53 */ = {isa = PBXFileReference; path = a5926abc179e848a5c051f187d05dbd303bf53; sourceTree = "<group>"; };
		2F3DA1014DF34C50ACD833D9 /* course-click.js */ = {isa = PBXFileReference; lastKnownFileType = sourcecode.javascript; path = "course-click.js"; sourceTree = "<group>"; };
		30C7031054AD2007D3E4F844 /* course-name.js */ = {isa = PBXFileReference; lastKnownFileType = sourcecode.javascript; path = "course-name.js"; sourceTree = "<group>"; };
		32F94649CAFB683519FECAA2 /* 9434a6254f0e9651f402737811be6634a03e9c */ = {isa = PBXFileReference; path = 9434a6254f0e9651f402737811be6634a03e9c; sourceTree = "<group>"; };
		3C5B188809788D0361C90344 /* description */ = {isa = PBXFileReference; path = description; sourceTree = "<group>"; };
		3DF0750EFE9E2EA855A9C027 /* 27a8546094a45022393915901a49b05a20acd4 */ = {isa = PBXFileReference; path = 27a8546094a45022393915901a49b05a20acd4; sourceTree = "<group>"; };
		3F5B57F19D80FD53CD2B77B7 /* 60c127c973c764b7b5a86f59405f1f5a0601cd */ = {isa = PBXFileReference; path = 60c127c973c764b7b5a86f59405f1f5a0601cd; sourceTree = "<group>"; };
		3F85C594E822169E6154D52F /* LoginView.swift */ = {isa = PBXFileReference; lastKnownFileType = sourcecode.swift; path = LoginView.swift; sourceTree = "<group>"; };
		426FA14FE5C6BDA477A6E0AE /* push-to-checkout.sample */ = {isa = PBXFileReference; path = "push-to-checkout.sample"; sourceTree = "<group>"; };
		48BF1D4311ACE828FC67D08D /* d7a23169e0510792681444d8d7b4d3367437d7 */ = {isa = PBXFileReference; path = d7a23169e0510792681444d8d7b4d3367437d7; sourceTree = "<group>"; };
		49FFB7037D07828D5AD021C7 /* _locales */ = {isa = PBXFileReference; lastKnownFileType = folder; name = _locales; path = "../kulms-extension/_locales"; sourceTree = SOURCE_ROOT; };
		4C4205523B14118802E8C28E /* bd44d8451bce809f6b85ab47c5c6ffc479c722 */ = {isa = PBXFileReference; path = bd44d8451bce809f6b85ab47c5c6ffc479c722; sourceTree = "<group>"; };
		4D0A75AFB2B048BF36DDB7F8 /* pre-push.sample */ = {isa = PBXFileReference; path = "pre-push.sample"; sourceTree = "<group>"; };
		4D97CF0BB478BCD6B759E2E3 /* main */ = {isa = PBXFileReference; path = main; sourceTree = "<group>"; };
		522DB57822ECBC0CEC9D902D /* 762fe07a68b1ec82bf8f3a39836fc2b00abba7 */ = {isa = PBXFileReference; path = 762fe07a68b1ec82bf8f3a39836fc2b00abba7; sourceTree = "<group>"; };
		52AC2FF5F2A59F240F960270 /* assignments.js */ = {isa = PBXFileReference; lastKnownFileType = sourcecode.javascript; path = assignments.js; sourceTree = "<group>"; };
		538BEDE316D4B8D85DA5DFDE /* pre-merge-commit.sample */ = {isa = PBXFileReference; path = "pre-merge-commit.sample"; sourceTree = "<group>"; };
		55B3D6BA586A8C33BEF0051F /* 027d8d6baf8c337ad18b5f1a073b41c70ed112 */ = {isa = PBXFileReference; path = 027d8d6baf8c337ad18b5f1a073b41c70ed112; sourceTree = "<group>"; };
		58713E90473BAC3684DCCBF2 /* 0ac3524d03e936b7fcc74d157d18a9de26242c */ = {isa = PBXFileReference; path = 0ac3524d03e936b7fcc74d157d18a9de26242c; sourceTree = "<group>"; };
		5C55B96221A295EC6E7AA520 /* 0508c5b7248cb3733bd7e84ffedc13da144436 */ = {isa = PBXFileReference; path = 0508c5b7248cb3733bd7e84ffedc13da144436; sourceTree = "<group>"; };
		6068A93C9AB00BE92D09926C /* config */ = {isa = PBXFileReference; path = config; sourceTree = "<group>"; };
		60927FF5D67CB2A5B4238F2C /* top-favbar.js */ = {isa = PBXFileReference; lastKnownFileType = sourcecode.javascript; path = "top-favbar.js"; sourceTree = "<group>"; };
		61351F9AF3A454F2B080F5BE /* .gitignore */ = {isa = PBXFileReference; path = .gitignore; sourceTree = "<group>"; };
		64228CB268E3CFC3EC1114FF /* main */ = {isa = PBXFileReference; path = main; sourceTree = "<group>"; };
		65A5C342C8EA6C471D97B645 /* KULMSApp.swift */ = {isa = PBXFileReference; lastKnownFileType = sourcecode.swift; path = KULMSApp.swift; sourceTree = "<group>"; };
		65A8802A67C77EE0B845E343 /* db93ec79e8fff92363ead56ff72f436d84165a */ = {isa = PBXFileReference; path = db93ec79e8fff92363ead56ff72f436d84165a; sourceTree = "<group>"; };
		723BADBFFB62BACC4F002655 /* tool-visibility.js */ = {isa = PBXFileReference; lastKnownFileType = sourcecode.javascript; path = "tool-visibility.js"; sourceTree = "<group>"; };
		7296393E66EAC8DA097A49B5 /* 4f9d5df3f27bd5364992e2df18b94e3e596861 */ = {isa = PBXFileReference; path = 4f9d5df3f27bd5364992e2df18b94e3e596861; sourceTree = "<group>"; };
		731094BD1C5C6EB09AD3B928 /* prepare-commit-msg.sample */ = {isa = PBXFileReference; path = "prepare-commit-msg.sample"; sourceTree = "<group>"; };
		737698918B47DFD65BAD8F54 /* 923baad04db2cc0f2cebea8321d35dfac4c75d */ = {isa = PBXFileReference; path = 923baad04db2cc0f2cebea8321d35dfac4c75d; sourceTree = "<group>"; };
		76EB615C8A489D57BE346337 /* 6baa71ba32f25358efb0f96a7307f2a5f26000 */ = {isa = PBXFileReference; path = 6baa71ba32f25358efb0f96a7307f2a5f26000; sourceTree = "<group>"; };
		76EEA9372AAC2C8FA42EA0C4 /* d39ffd747ed0746784667943942333b232f6e3 */ = {isa = PBXFileReference; path = d39ffd747ed0746784667943942333b232f6e3; sourceTree = "<group>"; };
		76F5209788647BBB6F482DF9 /* 0ef97460a22278c964cc4ac173621abd077c6e */ = {isa = PBXFileReference; path = 0ef97460a22278c964cc4ac173621abd077c6e; sourceTree = "<group>"; };
		7A7BEBAB4B97BA5860797961 /* README.md */ = {isa = PBXFileReference; lastKnownFileType = net.daringfireball.markdown; path = README.md; sourceTree = "<group>"; };
		7DFD67671D455A216C33B92D /* 0a79a59ddf3a83325f496bdb3e7e7bd9f73f86 */ = {isa = PBXFileReference; path = 0a79a59ddf3a83325f496bdb3e7e7bd9f73f86; sourceTree = "<group>"; };
		7F4A4D0E54ADD79B51E451E2 /* 9e0db3cfdb4900cb6e84ea74a31fce70ed204e */ = {isa = PBXFileReference; path = 9e0db3cfdb4900cb6e84ea74a31fce70ed204e; sourceTree = "<group>"; };
		853C5093B49C4037F845219C /* WebViewManager.swift */ = {isa = PBXFileReference; lastKnownFileType = sourcecode.swift; path = WebViewManager.swift; sourceTree = "<group>"; };
		871A93959672C6A23A8A8B91 /* 9db50ae3664bffb514bea14d6dad6f6883a2dd */ = {isa = PBXFileReference; path = 9db50ae3664bffb514bea14d6dad6f6883a2dd; sourceTree = "<group>"; };
		87AAE4ECEB2F5DF091AD3730 /* settings.js */ = {isa = PBXFileReference; lastKnownFileType = sourcecode.javascript; path = settings.js; sourceTree = "<group>"; };
		94228E85A59208C1309C2CB4 /* applypatch-msg.sample */ = {isa = PBXFileReference; path = "applypatch-msg.sample"; sourceTree = "<group>"; };
		995BD35D96BBEBF3F5ABE422 /* HEAD */ = {isa = PBXFileReference; path = HEAD; sourceTree = "<group>"; };
		9AC55DBEEFE28AAC6DBBC775 /* a9a633d342bb37c1774bcbfd58172bc9298de2 */ = {isa = PBXFileReference; path = a9a633d342bb37c1774bcbfd58172bc9298de2; sourceTree = "<group>"; };
		9D4F532C9D58D648E4DEFFE9 /* b1b9204ac4d879879d91cbbb900783b97ad2db */ = {isa = PBXFileReference; path = b1b9204ac4d879879d91cbbb900783b97ad2db; sourceTree = "<group>"; };
		A684233975849016C1D723EA /* CHANGELOG.md */ = {isa = PBXFileReference; lastKnownFileType = net.daringfireball.markdown; path = CHANGELOG.md; sourceTree = "<group>"; };
		A6D81AFF122E54BD498AC555 /* COMMIT_EDITMSG */ = {isa = PBXFileReference; path = COMMIT_EDITMSG; sourceTree = "<group>"; };
		B4BD039D1DB211D6CC4051D3 /* exclude */ = {isa = PBXFileReference; path = exclude; sourceTree = "<group>"; };
		B4C354D910CBBD936A5FD14A /* sendemail-validate.sample */ = {isa = PBXFileReference; path = "sendemail-validate.sample"; sourceTree = "<group>"; };
		B7C6CF74901255AF4FAA04F8 /* pre-applypatch.sample */ = {isa = PBXFileReference; path = "pre-applypatch.sample"; sourceTree = "<group>"; };
		BA3F724C7CBECB217239F985 /* main */ = {isa = PBXFileReference; path = main; sourceTree = "<group>"; };
		BCA10AD070E0B5588FF1ECA3 /* KULMS.app */ = {isa = PBXFileReference; includeInIndex = 0; lastKnownFileType = wrapper.application; path = KULMS.app; sourceTree = BUILT_PRODUCTS_DIR; };
		BCFBF2FBD3CF5F0F6B8CB724 /* Assets.xcassets */ = {isa = PBXFileReference; lastKnownFileType = folder.assetcatalog; path = Assets.xcassets; sourceTree = "<group>"; };
		BD82D2431C06EE4B963FC7EC /* c19cc17a1d6452956495c8f392c3673f08a9eb */ = {isa = PBXFileReference; path = c19cc17a1d6452956495c8f392c3673f08a9eb; sourceTree = "<group>"; };
		BECCE9714C413623422E3FE2 /* post-update.sample */ = {isa = PBXFileReference; path = "post-update.sample"; sourceTree = "<group>"; };
		C2EDFF32AC0216CC215F80F0 /* 4fcf80515ba6c94a199c38ee10d274d791dd1b */ = {isa = PBXFileReference; path = 4fcf80515ba6c94a199c38ee10d274d791dd1b; sourceTree = "<group>"; };
		C4288EED0388EF64FC37B894 /* pre-commit.sample */ = {isa = PBXFileReference; path = "pre-commit.sample"; sourceTree = "<group>"; };
		C945D30D49CC9BBEC3EA02FF /* 75968f0c4a8eff7239e26e3e815885acc096a9 */ = {isa = PBXFileReference; path = 75968f0c4a8eff7239e26e3e815885acc096a9; sourceTree = "<group>"; };
		CACD028B3369353D117A41BE /* f9794031719ab65a4d9e9ae77fffbd9ebba5f2 */ = {isa = PBXFileReference; path = f9794031719ab65a4d9e9ae77fffbd9ebba5f2; sourceTree = "<group>"; };
		CBDC9E81B34A8BB8EC02CE98 /* tree-view.js */ = {isa = PBXFileReference; lastKnownFileType = sourcecode.javascript; path = "tree-view.js"; sourceTree = "<group>"; };
		CBE0BADDD09F6FA26951B228 /* fsmonitor-watchman.sample */ = {isa = PBXFileReference; path = "fsmonitor-watchman.sample"; sourceTree = "<group>"; };
		D12E172CD555EF8E0001D3D0 /* KulmsStorageHandler.swift */ = {isa = PBXFileReference; lastKnownFileType = sourcecode.swift; path = KulmsStorageHandler.swift; sourceTree = "<group>"; };
		D1EEC12E5EF0370BC4EA245D /* submit-detect.js */ = {isa = PBXFileReference; lastKnownFileType = sourcecode.javascript; path = "submit-detect.js"; sourceTree = "<group>"; };
		D81F41F12317220791445F7B /* Info.plist */ = {isa = PBXFileReference; lastKnownFileType = text.plist; path = Info.plist; sourceTree = "<group>"; };
		DA5FB05AAB72164BF8680F63 /* ContentScriptInjector.swift */ = {isa = PBXFileReference; lastKnownFileType = sourcecode.swift; path = ContentScriptInjector.swift; sourceTree = "<group>"; };
		DCD13512E39875E56EBCB8CA /* CredentialLoginView.swift */ = {isa = PBXFileReference; lastKnownFileType = sourcecode.swift; path = CredentialLoginView.swift; sourceTree = "<group>"; };
		DF1D82FE1A7523D7D391FF93 /* styles.css */ = {isa = PBXFileReference; lastKnownFileType = text.css; path = styles.css; sourceTree = "<group>"; };
		E33466923DE2F631F3E95496 /* ae598a85563ccf993f65c4f9f8e05f442098e9 */ = {isa = PBXFileReference; path = ae598a85563ccf993f65c4f9f8e05f442098e9; sourceTree = "<group>"; };
		E824EB7F238206F22ECBDBD2 /* main */ = {isa = PBXFileReference; path = main; sourceTree = "<group>"; };
		ECE6B1C95FF9AA32B1E0F0D8 /* index */ = {isa = PBXFileReference; path = index; sourceTree = "<group>"; };
		EE322D3E8315E8188B66AE89 /* ja */ = {isa = PBXFileReference; lastKnownFileType = text.plist.strings; name = ja; path = ja.lproj/Localizable.strings; sourceTree = "<group>"; };
		F2C5650FD03AA4DD38B7A22C /* pre-receive.sample */ = {isa = PBXFileReference; path = "pre-receive.sample"; sourceTree = "<group>"; };
		F4FF951092A531728CA92AD3 /* sidebar-resize.js */ = {isa = PBXFileReference; lastKnownFileType = sourcecode.javascript; path = "sidebar-resize.js"; sourceTree = "<group>"; };
		F5108AA84FCF843C31BC8B2C /* 3dd03d7e335acb4d864e7de90710f1e6525a7c */ = {isa = PBXFileReference; path = 3dd03d7e335acb4d864e7de90710f1e6525a7c; sourceTree = "<group>"; };
		F9EDD1DC78D9F1187107EEE3 /* kulms-shim.js */ = {isa = PBXFileReference; lastKnownFileType = sourcecode.javascript; path = "kulms-shim.js"; sourceTree = "<group>"; };
		FA59DDF0E67834189F358BDB /* pre-rebase.sample */ = {isa = PBXFileReference; path = "pre-rebase.sample"; sourceTree = "<group>"; };
		FC5730583A909D8F13A7F68F /* 6a6cf6df9678d9660ae564e6d504a9625aaad5 */ = {isa = PBXFileReference; path = 6a6cf6df9678d9660ae564e6d504a9625aaad5; sourceTree = "<group>"; };
		FF8B58C87FA85A3817970872 /* NotificationService.swift */ = {isa = PBXFileReference; lastKnownFileType = sourcecode.swift; path = NotificationService.swift; sourceTree = "<group>"; };
/* End PBXFileReference section */

/* Begin PBXGroup section */
		0652488052F500861412522A /* refs */ = {
			isa = PBXGroup;
			children = (
				417A74849FB114D309B041B0 /* heads */,
				5CE1F79C0FAFE29DBE049994 /* remotes */,
			);
			path = refs;
			sourceTree = "<group>";
		};
		0C87585E9021E07362F3E129 /* 94 */ = {
			isa = PBXGroup;
			children = (
				C945D30D49CC9BBEC3EA02FF /* 75968f0c4a8eff7239e26e3e815885acc096a9 */,
			);
			path = 94;
			sourceTree = "<group>";
		};
		0C94B332F77A61D36BCD195D /* 7f */ = {
			isa = PBXGroup;
			children = (
				7DFD67671D455A216C33B92D /* 0a79a59ddf3a83325f496bdb3e7e7bd9f73f86 */,
			);
			path = 7f;
			sourceTree = "<group>";
		};
		1800FEFAE414AB4E3211CC53 /* f3 */ = {
			isa = PBXGroup;
			children = (
				76F5209788647BBB6F482DF9 /* 0ef97460a22278c964cc4ac173621abd077c6e */,
			);
			path = f3;
			sourceTree = "<group>";
		};
		2289259A0B5AD67EB1432903 /* info */ = {
			isa = PBXGroup;
			children = (
				B4BD039D1DB211D6CC4051D3 /* exclude */,
			);
			path = info;
			sourceTree = "<group>";
		};
		291F9D4D85EB2F49A6296A7B /* kulms-extension */ = {
			isa = PBXGroup;
			children = (
				DF1D82FE1A7523D7D391FF93 /* styles.css */,
			);
			name = "kulms-extension";
			path = "../kulms-extension";
			sourceTree = "<group>";
		};
		348F6FFDA222CE82874820B0 /* d9 */ = {
			isa = PBXGroup;
			children = (
				06821223C839655175102CC0 /* 3b91fb0ac8fb9dc161bb4851ca3f7bbd0eaf8a */,
				E33466923DE2F631F3E95496 /* ae598a85563ccf993f65c4f9f8e05f442098e9 */,
				BD82D2431C06EE4B963FC7EC /* c19cc17a1d6452956495c8f392c3673f08a9eb */,
			);
			path = d9;
			sourceTree = "<group>";
		};
		3892E06D13BB7F0EEE408AAE /* .git */ = {
			isa = PBXGroup;
			children = (
				A6D81AFF122E54BD498AC555 /* COMMIT_EDITMSG */,
				6068A93C9AB00BE92D09926C /* config */,
				3C5B188809788D0361C90344 /* description */,
				00A4EDECB7F4667559A42E2D /* HEAD */,
				ECE6B1C95FF9AA32B1E0F0D8 /* index */,
				9861D17FEB25373F360B33EE /* hooks */,
				2289259A0B5AD67EB1432903 /* info */,
				CC5DDA68E7F9823D82DD1300 /* logs */,
				EE16036C358DAF62A0248AFB /* objects */,
				0652488052F500861412522A /* refs */,
			);
			path = .git;
			sourceTree = "<group>";
		};
		3BA75CA85B5892D6C4C07804 /* f1 */ = {
			isa = PBXGroup;
			children = (
				CACD028B3369353D117A41BE /* f9794031719ab65a4d9e9ae77fffbd9ebba5f2 */,
			);
			path = f1;
			sourceTree = "<group>";
		};
		417A74849FB114D309B041B0 /* heads */ = {
			isa = PBXGroup;
			children = (
				64228CB268E3CFC3EC1114FF /* main */,
			);
			path = heads;
			sourceTree = "<group>";
		};
		4B43C08F7A3029B61B1294BE /* Views */ = {
			isa = PBXGroup;
			children = (
				DCD13512E39875E56EBCB8CA /* CredentialLoginView.swift */,
				284894146A3C5E5D7DCC4692 /* LMSWebView.swift */,
				3F85C594E822169E6154D52F /* LoginView.swift */,
			);
			path = Views;
			sourceTree = "<group>";
		};
		56ECBF6A8884279EB6F2A491 = {
			isa = PBXGroup;
			children = (
				49FFB7037D07828D5AD021C7 /* _locales */,
				3892E06D13BB7F0EEE408AAE /* .git */,
				291F9D4D85EB2F49A6296A7B /* kulms-extension */,
				EE00C2A9E4FE16C6123504D5 /* kulms-ios-webview */,
				AB549CA022E5F19D7C36828B /* Resources */,
				9F5F3533F19B7A5F47114A15 /* Services */,
				B597EF48CD05DB85010CD301 /* src */,
				4B43C08F7A3029B61B1294BE /* Views */,
				9AC01373B479C37BEAB7F506 /* WebResources */,
				A302D4062E10EAA9D979C1FB /* Products */,
			);
			sourceTree = "<group>";
		};
		5CE1F79C0FAFE29DBE049994 /* remotes */ = {
			isa = PBXGroup;
			children = (
				AD369F894B72799A1F3F3F49 /* origin */,
			);
			path = remotes;
			sourceTree = "<group>";
		};
		5D6BF832D7E9C2BEA64B219C /* c2 */ = {
			isa = PBXGroup;
			children = (
				48BF1D4311ACE828FC67D08D /* d7a23169e0510792681444d8d7b4d3367437d7 */,
			);
			path = c2;
			sourceTree = "<group>";
		};
		623797AC9E3BF775DC22D573 /* 65 */ = {
			isa = PBXGroup;
			children = (
				C2EDFF32AC0216CC215F80F0 /* 4fcf80515ba6c94a199c38ee10d274d791dd1b */,
			);
			path = 65;
			sourceTree = "<group>";
		};
		63866F7EBF7D8C06F4E98E16 /* remotes */ = {
			isa = PBXGroup;
			children = (
				EE226898B1DE074330E5E85E /* origin */,
			);
			path = remotes;
			sourceTree = "<group>";
		};
		6A06B49A7734609E72DDAC1C /* 39 */ = {
			isa = PBXGroup;
			children = (
				4C4205523B14118802E8C28E /* bd44d8451bce809f6b85ab47c5c6ffc479c722 */,
			);
			path = 39;
			sourceTree = "<group>";
		};
		6A6BF362B2A0DFEBC4801FE6 /* 7a */ = {
			isa = PBXGroup;
			children = (
				7F4A4D0E54ADD79B51E451E2 /* 9e0db3cfdb4900cb6e84ea74a31fce70ed204e */,
			);
			path = 7a;
			sourceTree = "<group>";
		};
		6A9A8FCF7B8CB3454905C286 /* 84 */ = {
			isa = PBXGroup;
			children = (
				01F22F37C333F509B8A78CBA /* 3358f67d2dea2129d5603096069abb42200edb */,
			);
			path = 84;
			sourceTree = "<group>";
		};
		6B4A4410BE9C37C7488449DD /* a8 */ = {
			isa = PBXGroup;
			children = (
				3DF0750EFE9E2EA855A9C027 /* 27a8546094a45022393915901a49b05a20acd4 */,
			);
			path = a8;
			sourceTree = "<group>";
		};
		6BDBF227F0CB32FA937357A4 /* 37 */ = {
			isa = PBXGroup;
			children = (
				5C55B96221A295EC6E7AA520 /* 0508c5b7248cb3733bd7e84ffedc13da144436 */,
			);
			path = 37;
			sourceTree = "<group>";
		};
		6D5CFFFA0109C9EE2F0DF577 /* bb */ = {
			isa = PBXGroup;
			children = (
				76EEA9372AAC2C8FA42EA0C4 /* d39ffd747ed0746784667943942333b232f6e3 */,
			);
			path = bb;
			sourceTree = "<group>";
		};
		7443B23C7380B8DFF9FDF640 /* 63 */ = {
			isa = PBXGroup;
			children = (
				04D79A15DC99578DBE2FE0E3 /* 15ae36d13c6354629ce6f1e9a357b827de9dc6 */,
			);
			path = 63;
			sourceTree = "<group>";
		};
		76A8E09D6001B62402FF1D08 /* 80 */ = {
			isa = PBXGroup;
			children = (
				7296393E66EAC8DA097A49B5 /* 4f9d5df3f27bd5364992e2df18b94e3e596861 */,
			);
			path = 80;
			sourceTree = "<group>";
		};
		7CA368645F871ECB2ACB2F97 /* f0 */ = {
			isa = PBXGroup;
			children = (
				9D4F532C9D58D648E4DEFFE9 /* b1b9204ac4d879879d91cbbb900783b97ad2db */,
			);
			path = f0;
			sourceTree = "<group>";
		};
		7F70429F47BD4C65B9E2BBF6 /* 18 */ = {
			isa = PBXGroup;
			children = (
				76EB615C8A489D57BE346337 /* 6baa71ba32f25358efb0f96a7307f2a5f26000 */,
			);
			path = 18;
			sourceTree = "<group>";
		};
		855F396A1A1F8340924697AB /* 9c */ = {
			isa = PBXGroup;
			children = (
				55B3D6BA586A8C33BEF0051F /* 027d8d6baf8c337ad18b5f1a073b41c70ed112 */,
				522DB57822ECBC0CEC9D902D /* 762fe07a68b1ec82bf8f3a39836fc2b00abba7 */,
			);
			path = 9c;
			sourceTree = "<group>";
		};
		87D558F98DE5CF349F102BB5 /* 73 */ = {
			isa = PBXGroup;
			children = (
				0FEA4C83C0BDD10B92DC1DB7 /* c00596a7fca3f3d4bdd64053b69d86745f9e10 */,
			);
			path = 73;
			sourceTree = "<group>";
		};
		891463125558896C8027D50A /* 6d */ = {
			isa = PBXGroup;
			children = (
				58713E90473BAC3684DCCBF2 /* 0ac3524d03e936b7fcc74d157d18a9de26242c */,
			);
			path = 6d;
			sourceTree = "<group>";
		};
		8948402951665CF0DD4C11FC /* 98 */ = {
			isa = PBXGroup;
			children = (
				2D28D2419A8A37FFDC9A75CC /* a5926abc179e848a5c051f187d05dbd303bf53 */,
			);
			path = 98;
			sourceTree = "<group>";
		};
		8D1FD9916F064DFE6453D32A /* 91 */ = {
			isa = PBXGroup;
			children = (
				737698918B47DFD65BAD8F54 /* 923baad04db2cc0f2cebea8321d35dfac4c75d */,
				32F94649CAFB683519FECAA2 /* 9434a6254f0e9651f402737811be6634a03e9c */,
			);
			path = 91;
			sourceTree = "<group>";
		};
		8E1219CA85CCD497F4424C76 /* 34 */ = {
			isa = PBXGroup;
			children = (
				3F5B57F19D80FD53CD2B77B7 /* 60c127c973c764b7b5a86f59405f1f5a0601cd */,
			);
			path = 34;
			sourceTree = "<group>";
		};
		92B15C90897CE534F53C74A0 /* c0 */ = {
			isa = PBXGroup;
			children = (
				15763E6387607B0E9F353A9F /* 4a2087e20399968cca01d6e3f31d3b9c33863e */,
			);
			path = c0;
			sourceTree = "<group>";
		};
		93D194F617450CE494F55D36 /* bf */ = {
			isa = PBXGroup;
			children = (
				FC5730583A909D8F13A7F68F /* 6a6cf6df9678d9660ae564e6d504a9625aaad5 */,
				871A93959672C6A23A8A8B91 /* 9db50ae3664bffb514bea14d6dad6f6883a2dd */,
			);
			path = bf;
			sourceTree = "<group>";
		};
		9861D17FEB25373F360B33EE /* hooks */ = {
			isa = PBXGroup;
			children = (
				94228E85A59208C1309C2CB4 /* applypatch-msg.sample */,
				1E23AC0406A15F5BEE1BB24A /* commit-msg.sample */,
				CBE0BADDD09F6FA26951B228 /* fsmonitor-watchman.sample */,
				BECCE9714C413623422E3FE2 /* post-update.sample */,
				B7C6CF74901255AF4FAA04F8 /* pre-applypatch.sample */,
				C4288EED0388EF64FC37B894 /* pre-commit.sample */,
				538BEDE316D4B8D85DA5DFDE /* pre-merge-commit.sample */,
				4D0A75AFB2B048BF36DDB7F8 /* pre-push.sample */,
				FA59DDF0E67834189F358BDB /* pre-rebase.sample */,
				F2C5650FD03AA4DD38B7A22C /* pre-receive.sample */,
				731094BD1C5C6EB09AD3B928 /* prepare-commit-msg.sample */,
				426FA14FE5C6BDA477A6E0AE /* push-to-checkout.sample */,
				B4C354D910CBBD936A5FD14A /* sendemail-validate.sample */,
				0CE06B8DC98E404D1A5810F7 /* update.sample */,
			);
			path = hooks;
			sourceTree = "<group>";
		};
		9AC01373B479C37BEAB7F506 /* WebResources */ = {
			isa = PBXGroup;
			children = (
				F9EDD1DC78D9F1187107EEE3 /* kulms-shim.js */,
			);
			path = WebResources;
			sourceTree = "<group>";
		};
		9E9898D3EF9D4ADF2B7D5F4D /* 78 */ = {
			isa = PBXGroup;
			children = (
				65A8802A67C77EE0B845E343 /* db93ec79e8fff92363ead56ff72f436d84165a */,
			);
			path = 78;
			sourceTree = "<group>";
		};
		9F5F3533F19B7A5F47114A15 /* Services */ = {
			isa = PBXGroup;
			children = (
				DA5FB05AAB72164BF8680F63 /* ContentScriptInjector.swift */,
				0CB72C6F3F5AE39787F93F6C /* CredentialStore.swift */,
				D12E172CD555EF8E0001D3D0 /* KulmsStorageHandler.swift */,
				FF8B58C87FA85A3817970872 /* NotificationService.swift */,
				853C5093B49C4037F845219C /* WebViewManager.swift */,
			);
			path = Services;
			sourceTree = "<group>";
		};
		A302D4062E10EAA9D979C1FB /* Products */ = {
			isa = PBXGroup;
			children = (
				BCA10AD070E0B5588FF1ECA3 /* KULMS.app */,
			);
			name = Products;
			sourceTree = "<group>";
		};
		AB549CA022E5F19D7C36828B /* Resources */ = {
			isa = PBXGroup;
			children = (
				F49857F400EB5A1CB8D9C9AE /* Localizable.strings */,
			);
			path = Resources;
			sourceTree = "<group>";
		};
		AD369F894B72799A1F3F3F49 /* origin */ = {
			isa = PBXGroup;
			children = (
				E824EB7F238206F22ECBDBD2 /* main */,
			);
			path = origin;
			sourceTree = "<group>";
		};
		B1EBDE267300B2F8E8B5C3A9 /* 6f */ = {
			isa = PBXGroup;
			children = (
				2A861547A3A2997C4AC186D4 /* ef20599e948bd0714a4c908a28dfc8a8d95037 */,
			);
			path = 6f;
			sourceTree = "<group>";
		};
		B597EF48CD05DB85010CD301 /* src */ = {
			isa = PBXGroup;
			children = (
				52AC2FF5F2A59F240F960270 /* assignments.js */,
				2F3DA1014DF34C50ACD833D9 /* course-click.js */,
				30C7031054AD2007D3E4F844 /* course-name.js */,
				87AAE4ECEB2F5DF091AD3730 /* settings.js */,
				F4FF951092A531728CA92AD3 /* sidebar-resize.js */,
				D1EEC12E5EF0370BC4EA245D /* submit-detect.js */,
				0E5FCD9E45B8F0025B06BCA9 /* textbooks.js */,
				723BADBFFB62BACC4F002655 /* tool-visibility.js */,
				60927FF5D67CB2A5B4238F2C /* top-favbar.js */,
				CBDC9E81B34A8BB8EC02CE98 /* tree-view.js */,
			);
			name = src;
			path = "../kulms-extension/src";
			sourceTree = "<group>";
		};
		B8F84F1F2F3EFB172FC5D0C2 /* 9d */ = {
			isa = PBXGroup;
			children = (
				1F29A5DFA218A78AEC211911 /* 907ecd62c8566d0ae60075fa2ec33c5a125996 */,
			);
			path = 9d;
			sourceTree = "<group>";
		};
		C97B8D6B52948D8CDA94884C /* 69 */ = {
			isa = PBXGroup;
			children = (
				9AC55DBEEFE28AAC6DBBC775 /* a9a633d342bb37c1774bcbfd58172bc9298de2 */,
			);
			path = 69;
			sourceTree = "<group>";
		};
		C9F1E4CEF88824A42E81C396 /* 15 */ = {
			isa = PBXGroup;
			children = (
				076E86DF436E98A7A98510FA /* 28b8d77672c8d7817c26fc8af47d2e2c70b70c */,
			);
			path = 15;
			sourceTree = "<group>";
		};
		CC5DDA68E7F9823D82DD1300 /* logs */ = {
			isa = PBXGroup;
			children = (
				995BD35D96BBEBF3F5ABE422 /* HEAD */,
				D387B9561C3DEEB92A4B74C3 /* refs */,
			);
			path = logs;
			sourceTree = "<group>";
		};
		D387B9561C3DEEB92A4B74C3 /* refs */ = {
			isa = PBXGroup;
			children = (
				E6DD2964DB35E6155DA71DDC /* heads */,
				63866F7EBF7D8C06F4E98E16 /* remotes */,
			);
			path = refs;
			sourceTree = "<group>";
		};
		E61FC66C7520D29EA6F736B4 /* ce */ = {
			isa = PBXGroup;
			children = (
				17A7D09113684B21AA423B9D /* fcc878e08455cb63e46f6f8f78dbc6f45332d6 */,
			);
			path = ce;
			sourceTree = "<group>";
		};
		E6DD2964DB35E6155DA71DDC /* heads */ = {
			isa = PBXGroup;
			children = (
				BA3F724C7CBECB217239F985 /* main */,
			);
			path = heads;
			sourceTree = "<group>";
		};
		EC1FA0DD5D6A5C401E35A6DE /* 8e */ = {
			isa = PBXGroup;
			children = (
				0335CC3FC5986B7F964FCDE6 /* dc299c3d1bc5b332237cbacf343d0c959a4248 */,
			);
			path = 8e;
			sourceTree = "<group>";
		};
		EE00C2A9E4FE16C6123504D5 /* kulms-ios-webview */ = {
			isa = PBXGroup;
			children = (
				61351F9AF3A454F2B080F5BE /* .gitignore */,
				BCFBF2FBD3CF5F0F6B8CB724 /* Assets.xcassets */,
				A684233975849016C1D723EA /* CHANGELOG.md */,
				D81F41F12317220791445F7B /* Info.plist */,
				65A5C342C8EA6C471D97B645 /* KULMSApp.swift */,
				7A7BEBAB4B97BA5860797961 /* README.md */,
				3892E06D13BB7F0EEE408AAE /* .git */,
				AB549CA022E5F19D7C36828B /* Resources */,
				9F5F3533F19B7A5F47114A15 /* Services */,
				4B43C08F7A3029B61B1294BE /* Views */,
				9AC01373B479C37BEAB7F506 /* WebResources */,
			);
			name = "kulms-ios-webview";
			path = .;
			sourceTree = "<group>";
		};
		EE16036C358DAF62A0248AFB /* objects */ = {
			isa = PBXGroup;
			children = (
				EF887F5D89C3010DB4584407 /* 1e */,
				891463125558896C8027D50A /* 6d */,
				B1EBDE267300B2F8E8B5C3A9 /* 6f */,
				6A6BF362B2A0DFEBC4801FE6 /* 7a */,
				0C94B332F77A61D36BCD195D /* 7f */,
				EC1FA0DD5D6A5C401E35A6DE /* 8e */,
				855F396A1A1F8340924697AB /* 9c */,
				B8F84F1F2F3EFB172FC5D0C2 /* 9d */,
				C9F1E4CEF88824A42E81C396 /* 15 */,
				7F70429F47BD4C65B9E2BBF6 /* 18 */,
				8E1219CA85CCD497F4424C76 /* 34 */,
				6BDBF227F0CB32FA937357A4 /* 37 */,
				6A06B49A7734609E72DDAC1C /* 39 */,
				7443B23C7380B8DFF9FDF640 /* 63 */,
				623797AC9E3BF775DC22D573 /* 65 */,
				C97B8D6B52948D8CDA94884C /* 69 */,
				87D558F98DE5CF349F102BB5 /* 73 */,
				9E9898D3EF9D4ADF2B7D5F4D /* 78 */,
				76A8E09D6001B62402FF1D08 /* 80 */,
				6A9A8FCF7B8CB3454905C286 /* 84 */,
				8D1FD9916F064DFE6453D32A /* 91 */,
				0C87585E9021E07362F3E129 /* 94 */,
				8948402951665CF0DD4C11FC /* 98 */,
				6B4A4410BE9C37C7488449DD /* a8 */,
				6D5CFFFA0109C9EE2F0DF577 /* bb */,
				93D194F617450CE494F55D36 /* bf */,
				92B15C90897CE534F53C74A0 /* c0 */,
				5D6BF832D7E9C2BEA64B219C /* c2 */,
				FA08149ACC58659CB2F439D8 /* c4 */,
				E61FC66C7520D29EA6F736B4 /* ce */,
				348F6FFDA222CE82874820B0 /* d9 */,
				7CA368645F871ECB2ACB2F97 /* f0 */,
				3BA75CA85B5892D6C4C07804 /* f1 */,
				1800FEFAE414AB4E3211CC53 /* f3 */,
			);
			path = objects;
			sourceTree = "<group>";
		};
		EE226898B1DE074330E5E85E /* origin */ = {
			isa = PBXGroup;
			children = (
				4D97CF0BB478BCD6B759E2E3 /* main */,
			);
			path = origin;
			sourceTree = "<group>";
		};
		EF887F5D89C3010DB4584407 /* 1e */ = {
			isa = PBXGroup;
			children = (
				1E9528BA147C513E365FF495 /* c18992c075c10ccd8e87de4341b55239400b52 */,
			);
			path = 1e;
			sourceTree = "<group>";
		};
		FA08149ACC58659CB2F439D8 /* c4 */ = {
			isa = PBXGroup;
			children = (
				F5108AA84FCF843C31BC8B2C /* 3dd03d7e335acb4d864e7de90710f1e6525a7c */,
			);
			path = c4;
			sourceTree = "<group>";
		};
/* End PBXGroup section */

/* Begin PBXNativeTarget section */
		08B00D23D7194DE869728628 /* KULMS */ = {
			isa = PBXNativeTarget;
			buildConfigurationList = 6789061CC1D3CC4DCB7FE663 /* Build configuration list for PBXNativeTarget "KULMS" */;
			buildPhases = (
				44B914EF89202EE6F7EDCECB /* Sources */,
				84A597281ACF22E6692669CC /* Resources */,
			);
			buildRules = (
			);
			dependencies = (
			);
			name = KULMS;
			packageProductDependencies = (
			);
			productName = KULMS;
			productReference = BCA10AD070E0B5588FF1ECA3 /* KULMS.app */;
			productType = "com.apple.product-type.application";
		};
/* End PBXNativeTarget section */

/* Begin PBXProject section */
		9F0EF4A5ACF65EEB058E5ABE /* Project object */ = {
			isa = PBXProject;
			attributes = {
				BuildIndependentTargetsInParallel = YES;
				LastUpgradeCheck = 1600;
				TargetAttributes = {
					08B00D23D7194DE869728628 = {
						DevelopmentTeam = "";
						ProvisioningStyle = Automatic;
					};
				};
			};
			buildConfigurationList = 4B6171D3036E7108CD0EC93F /* Build configuration list for PBXProject "KULMS" */;
			developmentRegion = en;
			hasScannedForEncodings = 0;
			knownRegions = (
				Base,
				en,
				ja,
			);
			mainGroup = 56ECBF6A8884279EB6F2A491;
			minimizedProjectReferenceProxies = 1;
			preferredProjectObjectVersion = 77;
			productRefGroup = A302D4062E10EAA9D979C1FB /* Products */;
			projectDirPath = "";
			projectRoot = "";
			targets = (
				08B00D23D7194DE869728628 /* KULMS */,
			);
		};
/* End PBXProject section */

/* Begin PBXResourcesBuildPhase section */
		84A597281ACF22E6692669CC /* Resources */ = {
			isa = PBXResourcesBuildPhase;
			buildActionMask = 2147483647;
			files = (
				C3357AD0827FE93F3D3B3B4F /* Assets.xcassets in Resources */,
				DCA0A836640AAC5DE288C22F /* CHANGELOG.md in Resources */,
				6E11CD07552C82874F188802 /* Localizable.strings in Resources */,
				1269CAB19B6D69DA94946633 /* README.md in Resources */,
				4593AED073DF0CE380D838A5 /* _locales in Resources */,
				EE56CC001994850F1839CC8B /* applypatch-msg.sample in Resources */,
				0445787FDA67C03E794BDBC1 /* assignments.js in Resources */,
				CEE4DC3DB99DD210A23CEA2D /* commit-msg.sample in Resources */,
				7056CD4169505DD80324D4F3 /* course-click.js in Resources */,
				4FB2B73F82103EA0D0E78FFE /* course-name.js in Resources */,
				AC98F8A19FA85A12E13C6CD3 /* fsmonitor-watchman.sample in Resources */,
				3FBB0A3DAD7122668553CE5A /* kulms-shim.js in Resources */,
				4FDA827C677609FE19C9F5A6 /* post-update.sample in Resources */,
				397204F1C63873AC0617F944 /* pre-applypatch.sample in Resources */,
				56E6E5988166F7383B331F40 /* pre-commit.sample in Resources */,
				E9E2044A3480F181AE100E20 /* pre-merge-commit.sample in Resources */,
				A975E8FD023ACFF7EF85A91F /* pre-push.sample in Resources */,
				ABE3723EDD806B2B78566179 /* pre-rebase.sample in Resources */,
				8B54D08F7E59FC99EAF222E1 /* pre-receive.sample in Resources */,
				C3B9450393A28033E84BC639 /* prepare-commit-msg.sample in Resources */,
				1CBF27F31C7E5DB32C070966 /* push-to-checkout.sample in Resources */,
				31B8AFD3AB3CBFF8B26CCF67 /* sendemail-validate.sample in Resources */,
				DFAFC4AC8358044C09DDA84A /* settings.js in Resources */,
				870E5C67EC792C00822C07A2 /* sidebar-resize.js in Resources */,
				073FCCD5C5F84D80639224E7 /* styles.css in Resources */,
				9E16C8771EEB3C9764C3FA9C /* submit-detect.js in Resources */,
				ED4C959E6C1E0DDC10888302 /* textbooks.js in Resources */,
				4742E34332785C751BCA3ECF /* tool-visibility.js in Resources */,
				7D5BFB3D77A8B45E81144C61 /* top-favbar.js in Resources */,
				5DB9DED102FECAA28D9DD79E /* tree-view.js in Resources */,
				BEF8C5CB6219F14704822E57 /* update.sample in Resources */,
			);
			runOnlyForDeploymentPostprocessing = 0;
		};
/* End PBXResourcesBuildPhase section */

/* Begin PBXSourcesBuildPhase section */
		44B914EF89202EE6F7EDCECB /* Sources */ = {
			isa = PBXSourcesBuildPhase;
			buildActionMask = 2147483647;
			files = (
				27B7D86322CA8A64420FEA0D /* ContentScriptInjector.swift in Sources */,
				4DA11D75E91C32910B1DD2CA /* CredentialLoginView.swift in Sources */,
				38ADC6EE42A07E0BCD5ED994 /* CredentialStore.swift in Sources */,
				35C8EEB10CFF5F96A0517D35 /* KULMSApp.swift in Sources */,
				0846A2059C4F4671072C9814 /* KulmsStorageHandler.swift in Sources */,
				B50A18B5233FC09447F9D065 /* LMSWebView.swift in Sources */,
				4EF9BF929D73A14CA6C11922 /* LoginView.swift in Sources */,
				03461EA426435C14A551F79C /* NotificationService.swift in Sources */,
				5D047D7F131D160F9C275B37 /* WebViewManager.swift in Sources */,
			);
			runOnlyForDeploymentPostprocessing = 0;
		};
/* End PBXSourcesBuildPhase section */

/* Begin PBXVariantGroup section */
		F49857F400EB5A1CB8D9C9AE /* Localizable.strings */ = {
			isa = PBXVariantGroup;
			children = (
				2A04A234D3E3674D2782CDFC /* en */,
				EE322D3E8315E8188B66AE89 /* ja */,
			);
			name = Localizable.strings;
			sourceTree = "<group>";
		};
/* End PBXVariantGroup section */

/* Begin XCBuildConfiguration section */
		23F5823665ED9082401431E5 /* Debug */ = {
			isa = XCBuildConfiguration;
			buildSettings = {
				ASSETCATALOG_COMPILER_APPICON_NAME = AppIcon;
				CODE_SIGN_IDENTITY = "iPhone Developer";
				CODE_SIGN_STYLE = Automatic;
				CURRENT_PROJECT_VERSION = 1;
				DEVELOPMENT_TEAM = "";
				GENERATE_INFOPLIST_FILE = YES;
				INFOPLIST_FILE = Info.plist;
				INFOPLIST_KEY_CFBundleDisplayName = "KULMS+";
				INFOPLIST_KEY_UILaunchScreen_Generation = YES;
				LD_RUNPATH_SEARCH_PATHS = (
					"$(inherited)",
					"@executable_path/Frameworks",
				);
				MARKETING_VERSION = 2.0.0;
				PRODUCT_BUNDLE_IDENTIFIER = "com.radian0523.kulms-plus-for-ios";
				PRODUCT_NAME = KULMS;
				SDKROOT = iphoneos;
				SWIFT_VERSION = 5.9;
				TARGETED_DEVICE_FAMILY = "1,2";
			};
			name = Debug;
		};
		A8882A7CBD35F21A81ACC11B /* Debug */ = {
			isa = XCBuildConfiguration;
			buildSettings = {
				ALWAYS_SEARCH_USER_PATHS = NO;
				CLANG_ANALYZER_NONNULL = YES;
				CLANG_ANALYZER_NUMBER_OBJECT_CONVERSION = YES_AGGRESSIVE;
				CLANG_CXX_LANGUAGE_STANDARD = "gnu++14";
				CLANG_CXX_LIBRARY = "libc++";
				CLANG_ENABLE_MODULES = YES;
				CLANG_ENABLE_OBJC_ARC = YES;
				CLANG_ENABLE_OBJC_WEAK = YES;
				CLANG_WARN_BLOCK_CAPTURE_AUTORELEASING = YES;
				CLANG_WARN_BOOL_CONVERSION = YES;
				CLANG_WARN_COMMA = YES;
				CLANG_WARN_CONSTANT_CONVERSION = YES;
				CLANG_WARN_DEPRECATED_OBJC_IMPLEMENTATIONS = YES;
				CLANG_WARN_DIRECT_OBJC_ISA_USAGE = YES_ERROR;
				CLANG_WARN_DOCUMENTATION_COMMENTS = YES;
				CLANG_WARN_EMPTY_BODY = YES;
				CLANG_WARN_ENUM_CONVERSION = YES;
				CLANG_WARN_INFINITE_RECURSION = YES;
				CLANG_WARN_INT_CONVERSION = YES;
				CLANG_WARN_NON_LITERAL_NULL_CONVERSION = YES;
				CLANG_WARN_OBJC_IMPLICIT_RETAIN_SELF = YES;
				CLANG_WARN_OBJC_LITERAL_CONVERSION = YES;
				CLANG_WARN_OBJC_ROOT_CLASS = YES_ERROR;
				CLANG_WARN_QUOTED_INCLUDE_IN_FRAMEWORK_HEADER = YES;
				CLANG_WARN_RANGE_LOOP_ANALYSIS = YES;
				CLANG_WARN_STRICT_PROTOTYPES = YES;
				CLANG_WARN_SUSPICIOUS_MOVE = YES;
				CLANG_WARN_UNGUARDED_AVAILABILITY = YES_AGGRESSIVE;
				CLANG_WARN_UNREACHABLE_CODE = YES;
				CLANG_WARN__DUPLICATE_METHOD_MATCH = YES;
				COPY_PHASE_STRIP = NO;
				DEBUG_INFORMATION_FORMAT = dwarf;
				ENABLE_STRICT_OBJC_MSGSEND = YES;
				ENABLE_TESTABILITY = YES;
				GCC_C_LANGUAGE_STANDARD = gnu11;
				GCC_DYNAMIC_NO_PIC = NO;
				GCC_NO_COMMON_BLOCKS = YES;
				GCC_OPTIMIZATION_LEVEL = 0;
				GCC_PREPROCESSOR_DEFINITIONS = (
					"$(inherited)",
					"DEBUG=1",
				);
				GCC_WARN_64_TO_32_BIT_CONVERSION = YES;
				GCC_WARN_ABOUT_RETURN_TYPE = YES_ERROR;
				GCC_WARN_UNDECLARED_SELECTOR = YES;
				GCC_WARN_UNINITIALIZED_AUTOS = YES_AGGRESSIVE;
				GCC_WARN_UNUSED_FUNCTION = YES;
				GCC_WARN_UNUSED_VARIABLE = YES;
				IPHONEOS_DEPLOYMENT_TARGET = 17.0;
				MTL_ENABLE_DEBUG_INFO = INCLUDE_SOURCE;
				MTL_FAST_MATH = YES;
				ONLY_ACTIVE_ARCH = YES;
				PRODUCT_NAME = "$(TARGET_NAME)";
				SDKROOT = iphoneos;
				SWIFT_ACTIVE_COMPILATION_CONDITIONS = DEBUG;
				SWIFT_OPTIMIZATION_LEVEL = "-Onone";
				SWIFT_VERSION = 5.0;
			};
			name = Debug;
		};
		B75E5FAB00D9C56EB56EBEB3 /* Release */ = {
			isa = XCBuildConfiguration;
			buildSettings = {
				ALWAYS_SEARCH_USER_PATHS = NO;
				CLANG_ANALYZER_NONNULL = YES;
				CLANG_ANALYZER_NUMBER_OBJECT_CONVERSION = YES_AGGRESSIVE;
				CLANG_CXX_LANGUAGE_STANDARD = "gnu++14";
				CLANG_CXX_LIBRARY = "libc++";
				CLANG_ENABLE_MODULES = YES;
				CLANG_ENABLE_OBJC_ARC = YES;
				CLANG_ENABLE_OBJC_WEAK = YES;
				CLANG_WARN_BLOCK_CAPTURE_AUTORELEASING = YES;
				CLANG_WARN_BOOL_CONVERSION = YES;
				CLANG_WARN_COMMA = YES;
				CLANG_WARN_CONSTANT_CONVERSION = YES;
				CLANG_WARN_DEPRECATED_OBJC_IMPLEMENTATIONS = YES;
				CLANG_WARN_DIRECT_OBJC_ISA_USAGE = YES_ERROR;
				CLANG_WARN_DOCUMENTATION_COMMENTS = YES;
				CLANG_WARN_EMPTY_BODY = YES;
				CLANG_WARN_ENUM_CONVERSION = YES;
				CLANG_WARN_INFINITE_RECURSION = YES;
				CLANG_WARN_INT_CONVERSION = YES;
				CLANG_WARN_NON_LITERAL_NULL_CONVERSION = YES;
				CLANG_WARN_OBJC_IMPLICIT_RETAIN_SELF = YES;
				CLANG_WARN_OBJC_LITERAL_CONVERSION = YES;
				CLANG_WARN_OBJC_ROOT_CLASS = YES_ERROR;
				CLANG_WARN_QUOTED_INCLUDE_IN_FRAMEWORK_HEADER = YES;
				CLANG_WARN_RANGE_LOOP_ANALYSIS = YES;
				CLANG_WARN_STRICT_PROTOTYPES = YES;
				CLANG_WARN_SUSPICIOUS_MOVE = YES;
				CLANG_WARN_UNGUARDED_AVAILABILITY = YES_AGGRESSIVE;
				CLANG_WARN_UNREACHABLE_CODE = YES;
				CLANG_WARN__DUPLICATE_METHOD_MATCH = YES;
				COPY_PHASE_STRIP = NO;
				DEBUG_INFORMATION_FORMAT = "dwarf-with-dsym";
				ENABLE_NS_ASSERTIONS = NO;
				ENABLE_STRICT_OBJC_MSGSEND = YES;
				GCC_C_LANGUAGE_STANDARD = gnu11;
				GCC_NO_COMMON_BLOCKS = YES;
				GCC_WARN_64_TO_32_BIT_CONVERSION = YES;
				GCC_WARN_ABOUT_RETURN_TYPE = YES_ERROR;
				GCC_WARN_UNDECLARED_SELECTOR = YES;
				GCC_WARN_UNINITIALIZED_AUTOS = YES_AGGRESSIVE;
				GCC_WARN_UNUSED_FUNCTION = YES;
				GCC_WARN_UNUSED_VARIABLE = YES;
				IPHONEOS_DEPLOYMENT_TARGET = 17.0;
				MTL_ENABLE_DEBUG_INFO = NO;
				MTL_FAST_MATH = YES;
				PRODUCT_NAME = "$(TARGET_NAME)";
				SDKROOT = iphoneos;
				SWIFT_COMPILATION_MODE = wholemodule;
				SWIFT_OPTIMIZATION_LEVEL = "-O";
				SWIFT_VERSION = 5.0;
			};
			name = Release;
		};
		DF7668BF13214462F9D29AE4 /* Release */ = {
			isa = XCBuildConfiguration;
			buildSettings = {
				ASSETCATALOG_COMPILER_APPICON_NAME = AppIcon;
				CODE_SIGN_IDENTITY = "iPhone Developer";
				CODE_SIGN_STYLE = Automatic;
				CURRENT_PROJECT_VERSION = 1;
				DEVELOPMENT_TEAM = "";
				GENERATE_INFOPLIST_FILE = YES;
				INFOPLIST_FILE = Info.plist;
				INFOPLIST_KEY_CFBundleDisplayName = "KULMS+";
				INFOPLIST_KEY_UILaunchScreen_Generation = YES;
				LD_RUNPATH_SEARCH_PATHS = (
					"$(inherited)",
					"@executable_path/Frameworks",
				);
				MARKETING_VERSION = 2.0.0;
				PRODUCT_BUNDLE_IDENTIFIER = "com.radian0523.kulms-plus-for-ios";
				PRODUCT_NAME = KULMS;
				SDKROOT = iphoneos;
				SWIFT_VERSION = 5.9;
				TARGETED_DEVICE_FAMILY = "1,2";
			};
			name = Release;
		};
/* End XCBuildConfiguration section */

/* Begin XCConfigurationList section */
		4B6171D3036E7108CD0EC93F /* Build configuration list for PBXProject "KULMS" */ = {
			isa = XCConfigurationList;
			buildConfigurations = (
				A8882A7CBD35F21A81ACC11B /* Debug */,
				B75E5FAB00D9C56EB56EBEB3 /* Release */,
			);
			defaultConfigurationIsVisible = 0;
			defaultConfigurationName = Debug;
		};
		6789061CC1D3CC4DCB7FE663 /* Build configuration list for PBXNativeTarget "KULMS" */ = {
			isa = XCConfigurationList;
			buildConfigurations = (
				23F5823665ED9082401431E5 /* Debug */,
				DF7668BF13214462F9D29AE4 /* Release */,
			);
			defaultConfigurationIsVisible = 0;
			defaultConfigurationName = Debug;
		};
/* End XCConfigurationList section */
	};
	rootObject = 9F0EF4A5ACF65EEB058E5ABE /* Project object */;
}
